
Microsoft Visual Studio Solution File, Format Version 12.00
# Visual Studio Version 17
VisualStudioVersion = 17.10.34928.147
MinimumVisualStudioVersion = 10.0.40219.1
Project("{FAE04EC0-301F-11D3-BF4B-00C04F79EFBC}") = "NGon_RH8", "NGon_RH8.csproj", "{5C35AA58-5FD2-4985-A278-F36C4C990425}"
	ProjectSection(ProjectDependencies) = postProject
		{58C1C662-CF95-4D59-B3C7-C09769B98E54} = {58C1C662-CF95-4D59-B3C7-C09769B98E54}
	EndProjectSection
EndProject
Project("{FAE04EC0-301F-11D3-BF4B-00C04F79EFBC}") = "NGonCore", "..\NGonCore\NGonCore.csproj", "{58C1C662-CF95-4D59-B3C7-C09769B98E54}"
EndProject
Global
	GlobalSection(SolutionConfigurationPlatforms) = preSolution
		Debug|Any CPU = Debug|Any CPU
		Release|Any CPU = Release|Any CPU
	EndGlobalSection
	GlobalSection(ProjectConfigurationPlatforms) = postSolution
		{5C35AA58-5FD2-4985-A278-F36C4C990425}.Debug|Any CPU.ActiveCfg = Debug|Any CPU
		{5C35AA58-5FD2-4985-A278-F36C4C990425}.Debug|Any CPU.Build.0 = Debug|Any CPU
		{5C35AA58-5FD2-4985-A278-F36C4C990425}.Release|Any CPU.ActiveCfg = Release|Any CPU
		{5C35AA58-5FD2-4985-A278-F36C4C990425}.Release|Any CPU.Build.0 = Release|Any CPU
		{58C1C662-CF95-4D59-B3C7-C09769B98E54}.Debug|Any CPU.ActiveCfg = Debug|Any CPU
		{58C1C662-CF95-4D59-B3C7-C09769B98E54}.Debug|Any CPU.Build.0 = Debug|Any CPU
		{58C1C662-CF95-4D59-B3C7-C09769B98E54}.Release|Any CPU.ActiveCfg = Release|Any CPU
		{58C1C662-CF95-4D59-B3C7-C09769B98E54}.Release|Any CPU.Build.0 = Release|Any CPU
	EndGlobalSection
	GlobalSection(SolutionProperties) = preSolution
		HideSolutionNode = FALSE
	EndGlobalSection
	GlobalSection(ExtensibilityGlobals) = postSolution
		SolutionGuid = {27C49E7C-DBDF-430E-BC56-15AA9AC70010}
	EndGlobalSection
EndGlobal
